# This file is automatically @generated by Cargo.
# It is not intended for manual editing.
version = 4

[[package]]
name = "rand_core"
version = "0.10.1"
source = "registry+https://github.com/rust-lang/crates.io-index"
checksum = "63b8176103e19a2643978565ca18b50549f6101881c443590420e4dc998a3c69"

[[package]]
name = "rand_xoshiro"
version = "0.8.1"
source = "registry+https://github.com/rust-lang/crates.io-index"
checksum = "662effc7698e08ea324d3acccf8d9d7f7bf79b9785e270a174ea36e56900c91d"
dependencies = [
 "rand_core",
]

[[package]]
name = "rs"
version = "0.0.0"
dependencies = [
 "rand_xoshiro",
]
