# This file is automatically @generated by Cargo.
# It is not intended for manual editing.
version = 4

[[package]]
name = "matchit"
version = "0.9.2"
source = "registry+https://github.com/rust-lang/crates.io-index"
checksum = "8863b587001c1b9a8a4e36008cebc6b3612cb1226fe2de94858e06092687b608"

[[package]]
name = "router-bench"
version = "0.0.0"
dependencies = [
 "matchit",
]
